
Microsoft Visual Studio Solution File, Format Version 12.00
# Visual Studio Version 16
VisualStudioVersion = 16.0.30503.244
MinimumVisualStudioVersion = 10.0.40219.1
Project("{FAE04EC0-301F-11D3-BF4B-00C04F79EFBC}") = "ConsoleApp2", "ConsoleApp2.csproj", "{E086C2B5-E4D7-4294-8EC3-4013D8124F17}"
EndProject
Global
	GlobalSection(SolutionConfigurationPlatforms) = preSolution
		Debug|Any CPU = Debug|Any CPU
		Release|Any CPU = Release|Any CPU
	EndGlobalSection
	GlobalSection(ProjectConfigurationPlatforms) = postSolution
		{E086C2B5-E4D7-4294-8EC3-4013D8124F17}.Debug|Any CPU.ActiveCfg = Debug|Any CPU
		{E086C2B5-E4D7-4294-8EC3-4013D8124F17}.Debug|Any CPU.Build.0 = Debug|Any CPU
		{E086C2B5-E4D7-4294-8EC3-4013D8124F17}.Release|Any CPU.ActiveCfg = Release|Any CPU
		{E086C2B5-E4D7-4294-8EC3-4013D8124F17}.Release|Any CPU.Build.0 = Release|Any CPU
	EndGlobalSection
	GlobalSection(SolutionProperties) = preSolution
		HideSolutionNode = FALSE
	EndGlobalSection
	GlobalSection(ExtensibilityGlobals) = postSolution
		SolutionGuid = {13ABFD46-12DC-426D-8FAD-6527E8BE7080}
	EndGlobalSection
EndGlobal
